// !$*UTF8*$!
{
	archiveVersion = 1;
	classes = {
	};
	objectVersion = 56;
	objects = {

/* Begin PBXBuildFile section */
		CE15E9DC2CA65A4E009BE31A /* CoinAPIError.swift in Sources */ = {isa = PBXBuildFile; fileRef = CE15E9DB2CA65A4E009BE31A /* CoinAPIError.swift */; };
		CE4769462CA0CC3000D0DF06 /* CoinDataService.swift in Sources */ = {isa = PBXBuildFile; fileRef = CE4769452CA0CC3000D0DF06 /* CoinDataService.swift */; };
		CE4769482CA151E700D0DF06 /* Coin.swift in Sources */ = {isa = PBXBuildFile; fileRef = CE4769472CA151E700D0DF06 /* Coin.swift */; };
		CE9D011A2C9C6307009866CA /* CoinsViewModel.swift in Sources */ = {isa = PBXBuildFile; fileRef = CE9D01192C9C6307009866CA /* CoinsViewModel.swift */; };
		CEDF87722C9C4FE400F4DC97 /* coinhiveApp.swift in Sources */ = {isa = PBXBuildFile; fileRef = CEDF87712C9C4FE400F4DC97 /* coinhiveApp.swift */; };
		CEDF87742C9C4FE400F4DC97 /* ContentView.swift in Sources */ = {isa = PBXBuildFile; fileRef = CEDF87732C9C4FE400F4DC97 /* ContentView.swift */; };
		CEDF87762C9C4FF400F4DC97 /* Assets.xcassets in Resources */ = {isa = PBXBuildFile; fileRef = CEDF87752C9C4FF400F4DC97 /* Assets.xcassets */; };
		CEDF87792C9C4FF400F4DC97 /* Preview Assets.xcassets in Resources */ = {isa = PBXBuildFile; fileRef = CEDF87782C9C4FF400F4DC97 /* Preview Assets.xcassets */; };
/* End PBXBuildFile section */

/* Begin PBXFileReference section */
		CE15E9DB2CA65A4E009BE31A /* CoinAPIError.swift */ = {isa = PBXFileReference; lastKnownFileType = sourcecode.swift; path = CoinAPIError.swift; sourceTree = "<group>"; };
		CE4769452CA0CC3000D0DF06 /* CoinDataService.swift */ = {isa = PBXFileReference; lastKnownFileType = sourcecode.swift; path = CoinDataService.swift; sourceTree = "<group>"; };
		CE4769472CA151E700D0DF06 /* Coin.swift */ = {isa = PBXFileReference; lastKnownFileType = sourcecode.swift; path = Coin.swift; sourceTree = "<group>"; };
		CE9D01192C9C6307009866CA /* CoinsViewModel.swift */ = {isa = PBXFileReference; lastKnownFileType = sourcecode.swift; path = CoinsViewModel.swift; sourceTree = "<group>"; };
		CEDF876E2C9C4FE400F4DC97 /* coinhive.app */ = {isa = PBXFileReference; explicitFileType = wrapper.application; includeInIndex = 0; path = coinhive.app; sourceTree = BUILT_PRODUCTS_DIR; };
		CEDF87712C9C4FE400F4DC97 /* coinhiveApp.swift */ = {isa = PBXFileReference; lastKnownFileType = sourcecode.swift; path = coinhiveApp.swift; sourceTree = "<group>"; };
		CEDF87732C9C4FE400F4DC97 /* ContentView.swift */ = {isa = PBXFileReference; lastKnownFileType = sourcecode.swift; path = ContentView.swift; sourceTree = "<group>"; };
		CEDF87752C9C4FF400F4DC97 /* Assets.xcassets */ = {isa = PBXFileReference; lastKnownFileType = folder.assetcatalog; path = Assets.xcassets; sourceTree = "<group>"; };
		CEDF87782C9C4FF400F4DC97 /* Preview Assets.xcassets */ = {isa = PBXFileReference; lastKnownFileType = folder.assetcatalog; path = "Preview Assets.xcassets"; sourceTree = "<group>"; };
/* End PBXFileReference section */

/* Begin PBXFrameworksBuildPhase section */
		CEDF876B2C9C4FE400F4DC97 /* Frameworks */ = {
			isa = PBXFrameworksBuildPhase;
			buildActionMask = 2147483647;
			files = (
			);
			runOnlyForDeploymentPostprocessing = 0;
		};
/* End PBXFrameworksBuildPhase section */

/* Begin PBXGroup section */
		CE4769442CA0CC1C00D0DF06 /* Service */ = {
			isa = PBXGroup;
			children = (
				CE4769452CA0CC3000D0DF06 /* CoinDataService.swift */,
			);
			path = Service;
			sourceTree = "<group>";
		};
		CE9D01132C9C5C2F009866CA /* App */ = {
			isa = PBXGroup;
			children = (
				CEDF87712C9C4FE400F4DC97 /* coinhiveApp.swift */,
			);
			path = App;
			sourceTree = "<group>";
		};
		CE9D01142C9C5C48009866CA /* Core */ = {
			isa = PBXGroup;
			children = (
				CE9D01152C9C5C53009866CA /* All Coins */,
			);
			path = Core;
			sourceTree = "<group>";
		};
		CE9D01152C9C5C53009866CA /* All Coins */ = {
			isa = PBXGroup;
			children = (
				CE4769442CA0CC1C00D0DF06 /* Service */,
				CE9D01182C9C5C7A009866CA /* ViewModel */,
				CE9D01172C9C5C74009866CA /* View */,
				CE9D01162C9C5C6D009866CA /* Model */,
			);
			path = "All Coins";
			sourceTree = "<group>";
		};
		CE9D01162C9C5C6D009866CA /* Model */ = {
			isa = PBXGroup;
			children = (
				CE4769472CA151E700D0DF06 /* Coin.swift */,
				CE15E9DB2CA65A4E009BE31A /* CoinAPIError.swift */,
			);
			path = Model;
			sourceTree = "<group>";
		};
		CE9D01172C9C5C74009866CA /* View */ = {
			isa = PBXGroup;
			children = (
				CEDF87732C9C4FE400F4DC97 /* ContentView.swift */,
			);
			path = View;
			sourceTree = "<group>";
		};
		CE9D01182C9C5C7A009866CA /* ViewModel */ = {
			isa = PBXGroup;
			children = (
				CE9D01192C9C6307009866CA /* CoinsViewModel.swift */,
			);
			path = ViewModel;
			sourceTree = "<group>";
		};
		CEDF87652C9C4FE300F4DC97 = {
			isa = PBXGroup;
			children = (
				CEDF87702C9C4FE400F4DC97 /* coinhive */,
				CEDF876F2C9C4FE400F4DC97 /* Products */,
			);
			sourceTree = "<group>";
		};
		CEDF876F2C9C4FE400F4DC97 /* Products */ = {
			isa = PBXGroup;
			children = (
				CEDF876E2C9C4FE400F4DC97 /* coinhive.app */,
			);
			name = Products;
			sourceTree = "<group>";
		};
		CEDF87702C9C4FE400F4DC97 /* coinhive */ = {
			isa = PBXGroup;
			children = (
				CE9D01132C9C5C2F009866CA /* App */,
				CE9D01142C9C5C48009866CA /* Core */,
				CEDF87752C9C4FF400F4DC97 /* Assets.xcassets */,
				CEDF87772C9C4FF400F4DC97 /* Preview Content */,
			);
			path = coinhive;
			sourceTree = "<group>";
		};
		CEDF87772C9C4FF400F4DC97 /* Preview Content */ = {
			isa = PBXGroup;
			children = (
				CEDF87782C9C4FF400F4DC97 /* Preview Assets.xcassets */,
			);
			path = "Preview Content";
			sourceTree = "<group>";
		};
/* End PBXGroup section */

/* Begin PBXNativeTarget section */
		CEDF876D2C9C4FE400F4DC97 /* coinhive */ = {
			isa = PBXNativeTarget;
			buildConfigurationList = CEDF877C2C9C4FF400F4DC97 /* Build configuration list for PBXNativeTarget "coinhive" */;
			buildPhases = (
				CEDF876A2C9C4FE400F4DC97 /* Sources */,
				CEDF876B2C9C4FE400F4DC97 /* Frameworks */,
				CEDF876C2C9C4FE400F4DC97 /* Resources */,
			);
			buildRules = (
			);
			dependencies = (
			);
			name = coinhive;
			productName = coinhive;
			productReference = CEDF876E2C9C4FE400F4DC97 /* coinhive.app */;
			productType = "com.apple.product-type.application";
		};
/* End PBXNativeTarget section */

/* Begin PBXProject section */
		CEDF87662C9C4FE300F4DC97 /* Project object */ = {
			isa = PBXProject;
			attributes = {
				BuildIndependentTargetsInParallel = 1;
				LastSwiftUpdateCheck = 1540;
				LastUpgradeCheck = 1540;
				TargetAttributes = {
					CEDF876D2C9C4FE400F4DC97 = {
						CreatedOnToolsVersion = 15.4;
					};
				};
			};
			buildConfigurationList = CEDF87692C9C4FE300F4DC97 /* Build configuration list for PBXProject "coinhive" */;
			compatibilityVersion = "Xcode 14.0";
			developmentRegion = en;
			hasScannedForEncodings = 0;
			knownRegions = (
				en,
				Base,
			);
			mainGroup = CEDF87652C9C4FE300F4DC97;
			productRefGroup = CEDF876F2C9C4FE400F4DC97 /* Products */;
			projectDirPath = "";
			projectRoot = "";
			targets = (
				CEDF876D2C9C4FE400F4DC97 /* coinhive */,
			);
		};
/* End PBXProject section */

/* Begin PBXResourcesBuildPhase section */
		CEDF876C2C9C4FE400F4DC97 /* Resources */ = {
			isa = PBXResourcesBuildPhase;
			buildActionMask = 2147483647;
			files = (
				CEDF87792C9C4FF400F4DC97 /* Preview Assets.xcassets in Resources */,
				CEDF87762C9C4FF400F4DC97 /* Assets.xcassets in Resources */,
			);
			runOnlyForDeploymentPostprocessing = 0;
		};
/* End PBXResourcesBuildPhase section */

/* Begin PBXSourcesBuildPhase section */
		CEDF876A2C9C4FE400F4DC97 /* Sources */ = {
			isa = PBXSourcesBuildPhase;
			buildActionMask = 2147483647;
			files = (
				CE15E9DC2CA65A4E009BE31A /* CoinAPIError.swift in Sources */,
				CE4769462CA0CC3000D0DF06 /* CoinDataService.swift in Sources */,
				CEDF87742C9C4FE400F4DC97 /* ContentView.swift in Sources */,
				CE9D011A2C9C6307009866CA /* CoinsViewModel.swift in Sources */,
				CE4769482CA151E700D0DF06 /* Coin.swift in Sources */,
				CEDF87722C9C4FE400F4DC97 /* coinhiveApp.swift in Sources */,
			);
			runOnlyForDeploymentPostprocessing = 0;
		};
/* End PBXSourcesBuildPhase section */

/* Begin XCBuildConfiguration section */
		CEDF877A2C9C4FF400F4DC97 /* Debug */ = {
			isa = XCBuildConfiguration;
			buildSettings = {
				ALWAYS_SEARCH_USER_PATHS = NO;
				ASSETCATALOG_COMPILER_GENERATE_SWIFT_ASSET_SYMBOL_EXTENSIONS = YES;
				CLANG_ANALYZER_NONNULL = YES;
				CLANG_ANALYZER_NUMBER_OBJECT_CONVERSION = YES_AGGRESSIVE;
				CLANG_CXX_LANGUAGE_STANDARD = "gnu++20";
				CLANG_ENABLE_MODULES = YES;
				CLANG_ENABLE_OBJC_ARC = YES;
				CLANG_ENABLE_OBJC_WEAK = YES;
				CLANG_WARN_BLOCK_CAPTURE_AUTORELEASING = YES;
				CLANG_WARN_BOOL_CONVERSION = YES;
				CLANG_WARN_COMMA = YES;
				CLANG_WARN_CONSTANT_CONVERSION = YES;
				CLANG_WARN_DEPRECATED_OBJC_IMPLEMENTATIONS = YES;
				CLANG_WARN_DIRECT_OBJC_ISA_USAGE = YES_ERROR;
				CLANG_WARN_DOCUMENTATION_COMMENTS = YES;
				CLANG_WARN_EMPTY_BODY = YES;
				CLANG_WARN_ENUM_CONVERSION = YES;
				CLANG_WARN_INFINITE_RECURSION = YES;
				CLANG_WARN_INT_CONVERSION = YES;
				CLANG_WARN_NON_LITERAL_NULL_CONVERSION = YES;
				CLANG_WARN_OBJC_IMPLICIT_RETAIN_SELF = YES;
				CLANG_WARN_OBJC_LITERAL_CONVERSION = YES;
				CLANG_WARN_OBJC_ROOT_CLASS = YES_ERROR;
				CLANG_WARN_QUOTED_INCLUDE_IN_FRAMEWORK_HEADER = YES;
				CLANG_WARN_RANGE_LOOP_ANALYSIS = YES;
				CLANG_WARN_STRICT_PROTOTYPES = YES;
				CLANG_WARN_SUSPICIOUS_MOVE = YES;
				CLANG_WARN_UNGUARDED_AVAILABILITY = YES_AGGRESSIVE;
				CLANG_WARN_UNREACHABLE_CODE = YES;
				CLANG_WARN__DUPLICATE_METHOD_MATCH = YES;
				COPY_PHASE_STRIP = NO;
				DEBUG_INFORMATION_FORMAT = dwarf;
				ENABLE_STRICT_OBJC_MSGSEND = YES;
				ENABLE_TESTABILITY = YES;
				ENABLE_USER_SCRIPT_SANDBOXING = YES;
				GCC_C_LANGUAGE_STANDARD = gnu17;
				GCC_DYNAMIC_NO_PIC = NO;
				GCC_NO_COMMON_BLOCKS = YES;
				GCC_OPTIMIZATION_LEVEL = 0;
				GCC_PREPROCESSOR_DEFINITIONS = (
					"DEBUG=1",
					"$(inherited)",
				);
				GCC_WARN_64_TO_32_BIT_CONVERSION = YES;
				GCC_WARN_ABOUT_RETURN_TYPE = YES_ERROR;
				GCC_WARN_UNDECLARED_SELECTOR = YES;
				GCC_WARN_UNINITIALIZED_AUTOS = YES_AGGRESSIVE;
				GCC_WARN_UNUSED_FUNCTION = YES;
				GCC_WARN_UNUSED_VARIABLE = YES;
				IPHONEOS_DEPLOYMENT_TARGET = 17.5;
				LOCALIZATION_PREFERS_STRING_CATALOGS = YES;
				MTL_ENABLE_DEBUG_INFO = INCLUDE_SOURCE;
				MTL_FAST_MATH = YES;
				ONLY_ACTIVE_ARCH = YES;
				SDKROOT = iphoneos;
				SWIFT_ACTIVE_COMPILATION_CONDITIONS = "DEBUG $(inherited)";
				SWIFT_OPTIMIZATION_LEVEL = "-Onone";
			};
			name = Debug;
		};
		CEDF877B2C9C4FF400F4DC97 /* Release */ = {
			isa = XCBuildConfiguration;
			buildSettings = {
				ALWAYS_SEARCH_USER_PATHS = NO;
				ASSETCATALOG_COMPILER_GENERATE_SWIFT_ASSET_SYMBOL_EXTENSIONS = YES;
				CLANG_ANALYZER_NONNULL = YES;
				CLANG_ANALYZER_NUMBER_OBJECT_CONVERSION = YES_AGGRESSIVE;
				CLANG_CXX_LANGUAGE_STANDARD = "gnu++20";
				CLANG_ENABLE_MODULES = YES;
				CLANG_ENABLE_OBJC_ARC = YES;
				CLANG_ENABLE_OBJC_WEAK = YES;
				CLANG_WARN_BLOCK_CAPTURE_AUTORELEASING = YES;
				CLANG_WARN_BOOL_CONVERSION = YES;
				CLANG_WARN_COMMA = YES;
				CLANG_WARN_CONSTANT_CONVERSION = YES;
				CLANG_WARN_DEPRECATED_OBJC_IMPLEMENTATIONS = YES;
				CLANG_WARN_DIRECT_OBJC_ISA_USAGE = YES_ERROR;
				CLANG_WARN_DOCUMENTATION_COMMENTS = YES;
				CLANG_WARN_EMPTY_BODY = YES;
				CLANG_WARN_ENUM_CONVERSION = YES;
				CLANG_WARN_INFINITE_RECURSION = YES;
				CLANG_WARN_INT_CONVERSION = YES;
				CLANG_WARN_NON_LITERAL_NULL_CONVERSION = YES;
				CLANG_WARN_OBJC_IMPLICIT_RETAIN_SELF = YES;
				CLANG_WARN_OBJC_LITERAL_CONVERSION = YES;
				CLANG_WARN_OBJC_ROOT_CLASS = YES_ERROR;
				CLANG_WARN_QUOTED_INCLUDE_IN_FRAMEWORK_HEADER = YES;
				CLANG_WARN_RANGE_LOOP_ANALYSIS = YES;
				CLANG_WARN_STRICT_PROTOTYPES = YES;
				CLANG_WARN_SUSPICIOUS_MOVE = YES;
				CLANG_WARN_UNGUARDED_AVAILABILITY = YES_AGGRESSIVE;
				CLANG_WARN_UNREACHABLE_CODE = YES;
				CLANG_WARN__DUPLICATE_METHOD_MATCH = YES;
				COPY_PHASE_STRIP = NO;
				DEBUG_INFORMATION_FORMAT = "dwarf-with-dsym";
				ENABLE_NS_ASSERTIONS = NO;
				ENABLE_STRICT_OBJC_MSGSEND = YES;
				ENABLE_USER_SCRIPT_SANDBOXING = YES;
				GCC_C_LANGUAGE_STANDARD = gnu17;
				GCC_NO_COMMON_BLOCKS = YES;
				GCC_WARN_64_TO_32_BIT_CONVERSION = YES;
				GCC_WARN_ABOUT_RETURN_TYPE = YES_ERROR;
				GCC_WARN_UNDECLARED_SELECTOR = YES;
				GCC_WARN_UNINITIALIZED_AUTOS = YES_AGGRESSIVE;
				GCC_WARN_UNUSED_FUNCTION = YES;
				GCC_WARN_UNUSED_VARIABLE = YES;
				IPHONEOS_DEPLOYMENT_TARGET = 17.5;
				LOCALIZATION_PREFERS_STRING_CATALOGS = YES;
				MTL_ENABLE_DEBUG_INFO = NO;
				MTL_FAST_MATH = YES;
				SDKROOT = iphoneos;
				SWIFT_COMPILATION_MODE = wholemodule;
				VALIDATE_PRODUCT = YES;
			};
			name = Release;
		};
		CEDF877D2C9C4FF400F4DC97 /* Debug */ = {
			isa = XCBuildConfiguration;
			buildSettings = {
				ASSETCATALOG_COMPILER_APPICON_NAME = AppIcon;
				ASSETCATALOG_COMPILER_GLOBAL_ACCENT_COLOR_NAME = AccentColor;
				CODE_SIGN_STYLE = Automatic;
				CURRENT_PROJECT_VERSION = 1;
				DEVELOPMENT_ASSET_PATHS = "\"coinhive/Preview Content\"";
				DEVELOPMENT_TEAM = F2DAZJL548;
				ENABLE_PREVIEWS = YES;
				GENERATE_INFOPLIST_FILE = YES;
				INFOPLIST_KEY_UIApplicationSceneManifest_Generation = YES;
				INFOPLIST_KEY_UIApplicationSupportsIndirectInputEvents = YES;
				INFOPLIST_KEY_UILaunchScreen_Generation = YES;
				INFOPLIST_KEY_UISupportedInterfaceOrientations_iPad = "UIInterfaceOrientationPortrait UIInterfaceOrientationPortraitUpsideDown UIInterfaceOrientationLandscapeLeft UIInterfaceOrientationLandscapeRight";
				INFOPLIST_KEY_UISupportedInterfaceOrientations_iPhone = "UIInterfaceOrientationPortrait UIInterfaceOrientationLandscapeLeft UIInterfaceOrientationLandscapeRight";
				LD_RUNPATH_SEARCH_PATHS = (
					"$(inherited)",
					"@executable_path/Frameworks",
				);
				MARKETING_VERSION = 1.0;
				PRODUCT_BUNDLE_IDENTIFIER = com.godwin.coinhive;
				PRODUCT_NAME = "$(TARGET_NAME)";
				SWIFT_EMIT_LOC_STRINGS = YES;
				SWIFT_VERSION = 5.0;
				TARGETED_DEVICE_FAMILY = "1,2";
			};
			name = Debug;
		};
		CEDF877E2C9C4FF400F4DC97 /* Release */ = {
			isa = XCBuildConfiguration;
			buildSettings = {
				ASSETCATALOG_COMPILER_APPICON_NAME = AppIcon;
				ASSETCATALOG_COMPILER_GLOBAL_ACCENT_COLOR_NAME = AccentColor;
				CODE_SIGN_STYLE = Automatic;
				CURRENT_PROJECT_VERSION = 1;
				DEVELOPMENT_ASSET_PATHS = "\"coinhive/Preview Content\"";
				DEVELOPMENT_TEAM = F2DAZJL548;
				ENABLE_PREVIEWS = YES;
				GENERATE_INFOPLIST_FILE = YES;
				INFOPLIST_KEY_UIApplicationSceneManifest_Generation = YES;
				INFOPLIST_KEY_UIApplicationSupportsIndirectInputEvents = YES;
				INFOPLIST_KEY_UILaunchScreen_Generation = YES;
				INFOPLIST_KEY_UISupportedInterfaceOrientations_iPad = "UIInterfaceOrientationPortrait UIInterfaceOrientationPortraitUpsideDown UIInterfaceOrientationLandscapeLeft UIInterfaceOrientationLandscapeRight";
				INFOPLIST_KEY_UISupportedInterfaceOrientations_iPhone = "UIInterfaceOrientationPortrait UIInterfaceOrientationLandscapeLeft UIInterfaceOrientationLandscapeRight";
				LD_RUNPATH_SEARCH_PATHS = (
					"$(inherited)",
					"@executable_path/Frameworks",
				);
				MARKETING_VERSION = 1.0;
				PRODUCT_BUNDLE_IDENTIFIER = com.godwin.coinhive;
				PRODUCT_NAME = "$(TARGET_NAME)";
				SWIFT_EMIT_LOC_STRINGS = YES;
				SWIFT_VERSION = 5.0;
				TARGETED_DEVICE_FAMILY = "1,2";
			};
			name = Release;
		};
/* End XCBuildConfiguration section */

/* Begin XCConfigurationList section */
		CEDF87692C9C4FE300F4DC97 /* Build configuration list for PBXProject "coinhive" */ = {
			isa = XCConfigurationList;
			buildConfigurations = (
				CEDF877A2C9C4FF400F4DC97 /* Debug */,
				CEDF877B2C9C4FF400F4DC97 /* Release */,
			);
			defaultConfigurationIsVisible = 0;
			defaultConfigurationName = Release;
		};
		CEDF877C2C9C4FF400F4DC97 /* Build configuration list for PBXNativeTarget "coinhive" */ = {
			isa = XCConfigurationList;
			buildConfigurations = (
				CEDF877D2C9C4FF400F4DC97 /* Debug */,
				CEDF877E2C9C4FF400F4DC97 /* Release */,
			);
			defaultConfigurationIsVisible = 0;
			defaultConfigurationName = Release;
		};
/* End XCConfigurationList section */
	};
	rootObject = CEDF87662C9C4FE300F4DC97 /* Project object */;
}
